{
  "name": "chatrooms",
  "version": "0.0.1",
  "lockfileVersion": 1,
  "requires": true,
  "dependencies": {
    "mime": {
      "version": "1.2.11",
      "resolved": "https://registry.npmjs.org/mime/-/mime-1.2.11.tgz",
      "integrity": "sha1-WCA+7Ybjpe8XrtK32evUfwpg3RA="
    },
    "redis": {
      "version": "0.7.3",
      "resolved": "https://registry.npmjs.org/redis/-/redis-0.7.3.tgz",
      "integrity": "sha1-7le3pE0l7BWU5ENl2BZfp9HUgRo=",
      "optional": true
    },
    "socket.io": {
      "version": "0.9.19",
      "resolved": "http://registry.npm.taobao.org/socket.io/download/socket.io-0.9.19.tgz",
      "requires": {
        "base64id": "0.1.0",
        "policyfile": "0.0.4",
        "redis": "0.7.3",
        "socket.io-client": "0.9.16"
      },
      "dependencies": {
        "base64id": {
          "version": "0.1.0",
          "resolved": "http://registry.npm.taobao.org/base64id/download/base64id-0.1.0.tgz"
        },
        "policyfile": {
          "version": "0.0.4",
          "resolved": "http://registry.npm.taobao.org/policyfile/download/policyfile-0.0.4.tgz"
        },
        "socket.io-client": {
          "version": "0.9.16",
          "resolved": "http://registry.npm.taobao.org/socket.io-client/download/socket.io-client-0.9.16.tgz",
          "requires": {
            "active-x-obfuscator": "0.0.1",
            "uglify-js": "1.2.5",
            "ws": "0.4.32",
            "xmlhttprequest": "1.4.2"
          },
          "dependencies": {
            "active-x-obfuscator": {
              "version": "0.0.1",
              "bundled": true,
              "requires": {
                "zeparser": "0.0.5"
              }
            },
            "commander": {
              "version": "2.1.0",
              "bundled": true
            },
            "nan": {
              "version": "1.0.0",
              "bundled": true
            },
            "options": {
              "version": "0.0.6",
              "bundled": true
            },
            "tinycolor": {
              "version": "0.0.1",
              "bundled": true
            },
            "uglify-js": {
              "version": "1.2.5",
              "bundled": true
            },
            "ws": {
              "version": "0.4.32",
              "bundled": true,
              "requires": {
                "commander": "2.1.0",
                "nan": "1.0.0",
                "options": "0.0.6",
                "tinycolor": "0.0.1"
              }
            },
            "xmlhttprequest": {
              "version": "1.4.2",
              "bundled": true
            },
            "zeparser": {
              "version": "0.0.5",
              "bundled": true
            }
          }
        }
      }
    }
  }
}
